// !$*UTF8*$!
{
	archiveVersion = 1;
	classes = {
	};
	objectVersion = 48;
	objects = {

/* Begin PBXBuildFile section */
		C83E3BB8205BB3D0000B0DF8 /* AppDelegate.swift in Sources */ = {isa = PBXBuildFile; fileRef = C83E3BB7205BB3D0000B0DF8 /* AppDelegate.swift */; };
		C83E3BBA205BB3D0000B0DF8 /* ViewController.swift in Sources */ = {isa = PBXBuildFile; fileRef = C83E3BB9205BB3D0000B0DF8 /* ViewController.swift */; };
		C83E3BBD205BB3D0000B0DF8 /* Main.storyboard in Resources */ = {isa = PBXBuildFile; fileRef = C83E3BBB205BB3D0000B0DF8 /* Main.storyboard */; };
		C83E3BBF205BB3D0000B0DF8 /* Assets.xcassets in Resources */ = {isa = PBXBuildFile; fileRef = C83E3BBE205BB3D0000B0DF8 /* Assets.xcassets */; };
		C83E3BC2205BB3D0000B0DF8 /* LaunchScreen.storyboard in Resources */ = {isa = PBXBuildFile; fileRef = C83E3BC0205BB3D0000B0DF8 /* LaunchScreen.storyboard */; };
		C876223B205C329A00B08F35 /* DIN Alternate Bold.ttf in Resources */ = {isa = PBXBuildFile; fileRef = C876223A205C329A00B08F35 /* DIN Alternate Bold.ttf */; };
		C876223D205C35D700B08F35 /* DinCyBd_0.ttf in Resources */ = {isa = PBXBuildFile; fileRef = C876223C205C35D700B08F35 /* DinCyBd_0.ttf */; };
/* End PBXBuildFile section */

/* Begin PBXFileReference section */
		C83E3BB4205BB3D0000B0DF8 /* WeatherApp.app */ = {isa = PBXFileReference; explicitFileType = wrapper.application; includeInIndex = 0; path = WeatherApp.app; sourceTree = BUILT_PRODUCTS_DIR; };
		C83E3BB7205BB3D0000B0DF8 /* AppDelegate.swift */ = {isa = PBXFileReference; lastKnownFileType = sourcecode.swift; path = AppDelegate.swift; sourceTree = "<group>"; };
		C83E3BB9205BB3D0000B0DF8 /* ViewController.swift */ = {isa = PBXFileReference; lastKnownFileType = sourcecode.swift; path = ViewController.swift; sourceTree = "<group>"; };
		C83E3BBC205BB3D0000B0DF8 /* Base */ = {isa = PBXFileReference; lastKnownFileType = file.storyboard; name = Base; path = Base.lproj/Main.storyboard; sourceTree = "<group>"; };
		C83E3BBE205BB3D0000B0DF8 /* Assets.xcassets */ = {isa = PBXFileReference; lastKnownFileType = folder.assetcatalog; path = Assets.xcassets; sourceTree = "<group>"; };
		C83E3BC1205BB3D0000B0DF8 /* Base */ = {isa = PBXFileReference; lastKnownFileType = file.storyboard; name = Base; path = Base.lproj/LaunchScreen.storyboard; sourceTree = "<group>"; };
		C83E3BC3205BB3D0000B0DF8 /* Info.plist */ = {isa = PBXFileReference; lastKnownFileType = text.plist.xml; path = Info.plist; sourceTree = "<group>"; };
		C876223A205C329A00B08F35 /* DIN Alternate Bold.ttf */ = {isa = PBXFileReference; lastKnownFileType = file; path = "DIN Alternate Bold.ttf"; sourceTree = "<group>"; };
		C876223C205C35D700B08F35 /* DinCyBd_0.ttf */ = {isa = PBXFileReference; lastKnownFileType = file; path = DinCyBd_0.ttf; sourceTree = "<group>"; };
/* End PBXFileReference section */

/* Begin PBXFrameworksBuildPhase section */
		C83E3BB1205BB3D0000B0DF8 /* Frameworks */ = {
			isa = PBXFrameworksBuildPhase;
			buildActionMask = 2147483647;
			files = (
			);
			runOnlyForDeploymentPostprocessing = 0;
		};
/* End PBXFrameworksBuildPhase section */

/* Begin PBXGroup section */
		C83E3BAB205BB3D0000B0DF8 = {
			isa = PBXGroup;
			children = (
				C83E3BB6205BB3D0000B0DF8 /* WeatherApp */,
				C83E3BB5205BB3D0000B0DF8 /* Products */,
			);
			sourceTree = "<group>";
		};
		C83E3BB5205BB3D0000B0DF8 /* Products */ = {
			isa = PBXGroup;
			children = (
				C83E3BB4205BB3D0000B0DF8 /* WeatherApp.app */,
			);
			name = Products;
			sourceTree = "<group>";
		};
		C83E3BB6205BB3D0000B0DF8 /* WeatherApp */ = {
			isa = PBXGroup;
			children = (
				C8762239205C31E200B08F35 /* Fonts */,
				C83E3BB7205BB3D0000B0DF8 /* AppDelegate.swift */,
				C83E3BB9205BB3D0000B0DF8 /* ViewController.swift */,
				C83E3BBB205BB3D0000B0DF8 /* Main.storyboard */,
				C83E3BBE205BB3D0000B0DF8 /* Assets.xcassets */,
				C83E3BC0205BB3D0000B0DF8 /* LaunchScreen.storyboard */,
				C83E3BC3205BB3D0000B0DF8 /* Info.plist */,
			);
			path = WeatherApp;
			sourceTree = "<group>";
		};
		C8762239205C31E200B08F35 /* Fonts */ = {
			isa = PBXGroup;
			children = (
				C876223A205C329A00B08F35 /* DIN Alternate Bold.ttf */,
				C876223C205C35D700B08F35 /* DinCyBd_0.ttf */,
			);
			path = Fonts;
			sourceTree = "<group>";
		};
/* End PBXGroup section */

/* Begin PBXNativeTarget section */
		C83E3BB3205BB3D0000B0DF8 /* WeatherApp */ = {
			isa = PBXNativeTarget;
			buildConfigurationList = C83E3BC6205BB3D0000B0DF8 /* Build configuration list for PBXNativeTarget "WeatherApp" */;
			buildPhases = (
				C83E3BB0205BB3D0000B0DF8 /* Sources */,
				C83E3BB1205BB3D0000B0DF8 /* Frameworks */,
				C83E3BB2205BB3D0000B0DF8 /* Resources */,
			);
			buildRules = (
			);
			dependencies = (
			);
			name = WeatherApp;
			productName = WeatherApp;
			productReference = C83E3BB4205BB3D0000B0DF8 /* WeatherApp.app */;
			productType = "com.apple.product-type.application";
		};
/* End PBXNativeTarget section */

/* Begin PBXProject section */
		C83E3BAC205BB3D0000B0DF8 /* Project object */ = {
			isa = PBXProject;
			attributes = {
				LastSwiftUpdateCheck = 0920;
				LastUpgradeCheck = 0920;
				ORGANIZATIONNAME = "Роман Мисников";
				TargetAttributes = {
					C83E3BB3205BB3D0000B0DF8 = {
						CreatedOnToolsVersion = 9.2;
						ProvisioningStyle = Automatic;
					};
				};
			};
			buildConfigurationList = C83E3BAF205BB3D0000B0DF8 /* Build configuration list for PBXProject "WeatherApp" */;
			compatibilityVersion = "Xcode 8.0";
			developmentRegion = en;
			hasScannedForEncodings = 0;
			knownRegions = (
				en,
				Base,
			);
			mainGroup = C83E3BAB205BB3D0000B0DF8;
			productRefGroup = C83E3BB5205BB3D0000B0DF8 /* Products */;
			projectDirPath = "";
			projectRoot = "";
			targets = (
				C83E3BB3205BB3D0000B0DF8 /* WeatherApp */,
			);
		};
/* End PBXProject section */

/* Begin PBXResourcesBuildPhase section */
		C83E3BB2205BB3D0000B0DF8 /* Resources */ = {
			isa = PBXResourcesBuildPhase;
			buildActionMask = 2147483647;
			files = (
				C83E3BC2205BB3D0000B0DF8 /* LaunchScreen.storyboard in Resources */,
				C876223D205C35D700B08F35 /* DinCyBd_0.ttf in Resources */,
				C83E3BBF205BB3D0000B0DF8 /* Assets.xcassets in Resources */,
				C876223B205C329A00B08F35 /* DIN Alternate Bold.ttf in Resources */,
				C83E3BBD205BB3D0000B0DF8 /* Main.storyboard in Resources */,
			);
			runOnlyForDeploymentPostprocessing = 0;
		};
/* End PBXResourcesBuildPhase section */

/* Begin PBXSourcesBuildPhase section */
		C83E3BB0205BB3D0000B0DF8 /* Sources */ = {
			isa = PBXSourcesBuildPhase;
			buildActionMask = 2147483647;
			files = (
				C83E3BBA205BB3D0000B0DF8 /* ViewController.swift in Sources */,
				C83E3BB8205BB3D0000B0DF8 /* AppDelegate.swift in Sources */,
			);
			runOnlyForDeploymentPostprocessing = 0;
		};
/* End PBXSourcesBuildPhase section */

/* Begin PBXVariantGroup section */
		C83E3BBB205BB3D0000B0DF8 /* Main.storyboard */ = {
			isa = PBXVariantGroup;
			children = (
				C83E3BBC205BB3D0000B0DF8 /* Base */,
			);
			name = Main.storyboard;
			sourceTree = "<group>";
		};
		C83E3BC0205BB3D0000B0DF8 /* LaunchScreen.storyboard */ = {
			isa = PBXVariantGroup;
			children = (
				C83E3BC1205BB3D0000B0DF8 /* Base */,
			);
			name = LaunchScreen.storyboard;
			sourceTree = "<group>";
		};
/* End PBXVariantGroup section */

/* Begin XCBuildConfiguration section */
		C83E3BC4205BB3D0000B0DF8 /* Debug */ = {
			isa = XCBuildConfiguration;
			buildSettings = {
				ALWAYS_SEARCH_USER_PATHS = NO;
				CLANG_ANALYZER_NONNULL = YES;
				CLANG_ANALYZER_NUMBER_OBJECT_CONVERSION = YES_AGGRESSIVE;
				CLANG_CXX_LANGUAGE_STANDARD = "gnu++14";
				CLANG_CXX_LIBRARY = "libc++";
				CLANG_ENABLE_MODULES = YES;
				CLANG_ENABLE_OBJC_ARC = YES;
				CLANG_WARN_BLOCK_CAPTURE_AUTORELEASING = YES;
				CLANG_WARN_BOOL_CONVERSION = YES;
				CLANG_WARN_COMMA = YES;
				CLANG_WARN_CONSTANT_CONVERSION = YES;
				CLANG_WARN_DIRECT_OBJC_ISA_USAGE = YES_ERROR;
				CLANG_WARN_DOCUMENTATION_COMMENTS = YES;
				CLANG_WARN_EMPTY_BODY = YES;
				CLANG_WARN_ENUM_CONVERSION = YES;
				CLANG_WARN_INFINITE_RECURSION = YES;
				CLANG_WARN_INT_CONVERSION = YES;
				CLANG_WARN_NON_LITERAL_NULL_CONVERSION = YES;
				CLANG_WARN_OBJC_LITERAL_CONVERSION = YES;
				CLANG_WARN_OBJC_ROOT_CLASS = YES_ERROR;
				CLANG_WARN_RANGE_LOOP_ANALYSIS = YES;
				CLANG_WARN_STRICT_PROTOTYPES = YES;
				CLANG_WARN_SUSPICIOUS_MOVE = YES;
				CLANG_WARN_UNGUARDED_AVAILABILITY = YES_AGGRESSIVE;
				CLANG_WARN_UNREACHABLE_CODE = YES;
				CLANG_WARN__DUPLICATE_METHOD_MATCH = YES;
				CODE_SIGN_IDENTITY = "iPhone Developer";
				COPY_PHASE_STRIP = NO;
				DEBUG_INFORMATION_FORMAT = dwarf;
				ENABLE_STRICT_OBJC_MSGSEND = YES;
				ENABLE_TESTABILITY = YES;
				GCC_C_LANGUAGE_STANDARD = gnu11;
				GCC_DYNAMIC_NO_PIC = NO;
				GCC_NO_COMMON_BLOCKS = YES;
				GCC_OPTIMIZATION_LEVEL = 0;
				GCC_PREPROCESSOR_DEFINITIONS = (
					"DEBUG=1",
					"$(inherited)",
				);
				GCC_WARN_64_TO_32_BIT_CONVERSION = YES;
				GCC_WARN_ABOUT_RETURN_TYPE = YES_ERROR;
				GCC_WARN_UNDECLARED_SELECTOR = YES;
				GCC_WARN_UNINITIALIZED_AUTOS = YES_AGGRESSIVE;
				GCC_WARN_UNUSED_FUNCTION = YES;
				GCC_WARN_UNUSED_VARIABLE = YES;
				IPHONEOS_DEPLOYMENT_TARGET = 11.2;
				MTL_ENABLE_DEBUG_INFO = YES;
				ONLY_ACTIVE_ARCH = YES;
				SDKROOT = iphoneos;
				SWIFT_ACTIVE_COMPILATION_CONDITIONS = DEBUG;
				SWIFT_OPTIMIZATION_LEVEL = "-Onone";
			};
			name = Debug;
		};
		C83E3BC5205BB3D0000B0DF8 /* Release */ = {
			isa = XCBuildConfiguration;
			buildSettings = {
				ALWAYS_SEARCH_USER_PATHS = NO;
				CLANG_ANALYZER_NONNULL = YES;
				CLANG_ANALYZER_NUMBER_OBJECT_CONVERSION = YES_AGGRESSIVE;
				CLANG_CXX_LANGUAGE_STANDARD = "gnu++14";
				CLANG_CXX_LIBRARY = "libc++";
				CLANG_ENABLE_MODULES = YES;
				CLANG_ENABLE_OBJC_ARC = YES;
				CLANG_WARN_BLOCK_CAPTURE_AUTORELEASING = YES;
				CLANG_WARN_BOOL_CONVERSION = YES;
				CLANG_WARN_COMMA = YES;
				CLANG_WARN_CONSTANT_CONVERSION = YES;
				CLANG_WARN_DIRECT_OBJC_ISA_USAGE = YES_ERROR;
				CLANG_WARN_DOCUMENTATION_COMMENTS = YES;
				CLANG_WARN_EMPTY_BODY = YES;
				CLANG_WARN_ENUM_CONVERSION = YES;
				CLANG_WARN_INFINITE_RECURSION = YES;
				CLANG_WARN_INT_CONVERSION = YES;
				CLANG_WARN_NON_LITERAL_NULL_CONVERSION = YES;
				CLANG_WARN_OBJC_LITERAL_CONVERSION = YES;
				CLANG_WARN_OBJC_ROOT_CLASS = YES_ERROR;
				CLANG_WARN_RANGE_LOOP_ANALYSIS = YES;
				CLANG_WARN_STRICT_PROTOTYPES = YES;
				CLANG_WARN_SUSPICIOUS_MOVE = YES;
				CLANG_WARN_UNGUARDED_AVAILABILITY = YES_AGGRESSIVE;
				CLANG_WARN_UNREACHABLE_CODE = YES;
				CLANG_WARN__DUPLICATE_METHOD_MATCH = YES;
				CODE_SIGN_IDENTITY = "iPhone Developer";
				COPY_PHASE_STRIP = NO;
				DEBUG_INFORMATION_FORMAT = "dwarf-with-dsym";
				ENABLE_NS_ASSERTIONS = NO;
				ENABLE_STRICT_OBJC_MSGSEND = YES;
				GCC_C_LANGUAGE_STANDARD = gnu11;
				GCC_NO_COMMON_BLOCKS = YES;
				GCC_WARN_64_TO_32_BIT_CONVERSION = YES;
				GCC_WARN_ABOUT_RETURN_TYPE = YES_ERROR;
				GCC_WARN_UNDECLARED_SELECTOR = YES;
				GCC_WARN_UNINITIALIZED_AUTOS = YES_AGGRESSIVE;
				GCC_WARN_UNUSED_FUNCTION = YES;
				GCC_WARN_UNUSED_VARIABLE = YES;
				IPHONEOS_DEPLOYMENT_TARGET = 11.2;
				MTL_ENABLE_DEBUG_INFO = NO;
				SDKROOT = iphoneos;
				SWIFT_OPTIMIZATION_LEVEL = "-Owholemodule";
				VALIDATE_PRODUCT = YES;
			};
			name = Release;
		};
		C83E3BC7205BB3D0000B0DF8 /* Debug */ = {
			isa = XCBuildConfiguration;
			buildSettings = {
				ASSETCATALOG_COMPILER_APPICON_NAME = AppIcon;
				CODE_SIGN_STYLE = Automatic;
				DEVELOPMENT_TEAM = JJHX98NUDV;
				INFOPLIST_FILE = WeatherApp/Info.plist;
				LD_RUNPATH_SEARCH_PATHS = "$(inherited) @executable_path/Frameworks";
				PRODUCT_BUNDLE_IDENTIFIER = RFMisnikov.WeatherApp;
				PRODUCT_NAME = "$(TARGET_NAME)";
				SWIFT_VERSION = 4.0;
				TARGETED_DEVICE_FAMILY = "1,2";
			};
			name = Debug;
		};
		C83E3BC8205BB3D0000B0DF8 /* Release */ = {
			isa = XCBuildConfiguration;
			buildSettings = {
				ASSETCATALOG_COMPILER_APPICON_NAME = AppIcon;
				CODE_SIGN_STYLE = Automatic;
				DEVELOPMENT_TEAM = JJHX98NUDV;
				INFOPLIST_FILE = WeatherApp/Info.plist;
				LD_RUNPATH_SEARCH_PATHS = "$(inherited) @executable_path/Frameworks";
				PRODUCT_BUNDLE_IDENTIFIER = RFMisnikov.WeatherApp;
				PRODUCT_NAME = "$(TARGET_NAME)";
				SWIFT_VERSION = 4.0;
				TARGETED_DEVICE_FAMILY = "1,2";
			};
			name = Release;
		};
/* End XCBuildConfiguration section */

/* Begin XCConfigurationList section */
		C83E3BAF205BB3D0000B0DF8 /* Build configuration list for PBXProject "WeatherApp" */ = {
			isa = XCConfigurationList;
			buildConfigurations = (
				C83E3BC4205BB3D0000B0DF8 /* Debug */,
				C83E3BC5205BB3D0000B0DF8 /* Release */,
			);
			defaultConfigurationIsVisible = 0;
			defaultConfigurationName = Release;
		};
		C83E3BC6205BB3D0000B0DF8 /* Build configuration list for PBXNativeTarget "WeatherApp" */ = {
			isa = XCConfigurationList;
			buildConfigurations = (
				C83E3BC7205BB3D0000B0DF8 /* Debug */,
				C83E3BC8205BB3D0000B0DF8 /* Release */,
			);
			defaultConfigurationIsVisible = 0;
			defaultConfigurationName = Release;
		};
/* End XCConfigurationList section */
	};
	rootObject = C83E3BAC205BB3D0000B0DF8 /* Project object */;
}
